
Microsoft Visual Studio Solution File, Format Version 12.00
# Visual Studio Version 17
VisualStudioVersion = 17.4.33205.214
MinimumVisualStudioVersion = 10.0.40219.1
Project("{FAE04EC0-301F-11D3-BF4B-00C04F79EFBC}") = "RtspToWebRtcRestreamer", "RtspToWebRtcRestreamer\RtspToWebRtcRestreamer.csproj", "{BDDBC3E0-A744-47A8-A189-7E93EEEB0B10}"
EndProject
Global
	GlobalSection(SolutionConfigurationPlatforms) = preSolution
		Debug|Any CPU = Debug|Any CPU
		Release|Any CPU = Release|Any CPU
	EndGlobalSection
	GlobalSection(ProjectConfigurationPlatforms) = postSolution
		{BDDBC3E0-A744-47A8-A189-7E93EEEB0B10}.Debug|Any CPU.ActiveCfg = Debug|Any CPU
		{BDDBC3E0-A744-47A8-A189-7E93EEEB0B10}.Debug|Any CPU.Build.0 = Debug|Any CPU
		{BDDBC3E0-A744-47A8-A189-7E93EEEB0B10}.Release|Any CPU.ActiveCfg = Release|Any CPU
		{BDDBC3E0-A744-47A8-A189-7E93EEEB0B10}.Release|Any CPU.Build.0 = Release|Any CPU
	EndGlobalSection
	GlobalSection(SolutionProperties) = preSolution
		HideSolutionNode = FALSE
	EndGlobalSection
	GlobalSection(ExtensibilityGlobals) = postSolution
		SolutionGuid = {C7727C45-8155-4BAC-8E93-8C7B1A3F556C}
	EndGlobalSection
EndGlobal
